
Microsoft Visual Studio Solution File, Format Version 12.00
# Visual Studio 15
Project("{FAE04EC0-301F-11D3-BF4B-00C04F79EFBC}") = "ErpSysytem.ConsoleApp", "ErpSysytem.ConsoleApp\ErpSysytem.ConsoleApp.csproj", "{388AC19D-A293-45FB-B25C-E98397B4C4DA}"
EndProject
Project("{FAE04EC0-301F-11D3-BF4B-00C04F79EFBC}") = "ErpSystem.Data", "ErpSystem.Data\ErpSystem.Data.csproj", "{ECA5CD9F-94F9-46DA-8293-01994F92F723}"
EndProject
Project("{FAE04EC0-301F-11D3-BF4B-00C04F79EFBC}") = "ErpSystem.Models", "ErpSystem.Models\ErpSystem.Models.csproj", "{2665C0B4-0D39-4EDE-918D-2016C98AE4E3}"
EndProject
Project("{FAE04EC0-301F-11D3-BF4B-00C04F79EFBC}") = "ErpSystem.Services", "ErpSystem.Services\ErpSystem.Services.csproj", "{1BA271F4-11BF-404B-BDF2-DF85ACD54641}"
EndProject
Project("{FAE04EC0-301F-11D3-BF4B-00C04F79EFBC}") = "ErpSystem.WebApp", "ErpSystem.WebApp\ErpSystem.WebApp.csproj", "{CF8BBC16-E3A1-4061-B496-59996DF9DBB2}"
EndProject
Project("{2150E333-8FDC-42A3-9474-1A3956D46DE8}") = "Solution Items", "Solution Items", "{6D69FFD1-DD83-49E3-AECA-5480B7E57875}"
	ProjectSection(SolutionItems) = preProject
		.editorconfig = .editorconfig
	EndProjectSection
EndProject
Global
	GlobalSection(SolutionConfigurationPlatforms) = preSolution
		Debug|Any CPU = Debug|Any CPU
		Release|Any CPU = Release|Any CPU
	EndGlobalSection
	GlobalSection(ProjectConfigurationPlatforms) = postSolution
		{388AC19D-A293-45FB-B25C-E98397B4C4DA}.Debug|Any CPU.ActiveCfg = Debug|Any CPU
		{388AC19D-A293-45FB-B25C-E98397B4C4DA}.Debug|Any CPU.Build.0 = Debug|Any CPU
		{388AC19D-A293-45FB-B25C-E98397B4C4DA}.Release|Any CPU.ActiveCfg = Release|Any CPU
		{388AC19D-A293-45FB-B25C-E98397B4C4DA}.Release|Any CPU.Build.0 = Release|Any CPU
		{ECA5CD9F-94F9-46DA-8293-01994F92F723}.Debug|Any CPU.ActiveCfg = Debug|Any CPU
		{ECA5CD9F-94F9-46DA-8293-01994F92F723}.Debug|Any CPU.Build.0 = Debug|Any CPU
		{ECA5CD9F-94F9-46DA-8293-01994F92F723}.Release|Any CPU.ActiveCfg = Release|Any CPU
		{ECA5CD9F-94F9-46DA-8293-01994F92F723}.Release|Any CPU.Build.0 = Release|Any CPU
		{2665C0B4-0D39-4EDE-918D-2016C98AE4E3}.Debug|Any CPU.ActiveCfg = Debug|Any CPU
		{2665C0B4-0D39-4EDE-918D-2016C98AE4E3}.Debug|Any CPU.Build.0 = Debug|Any CPU
		{2665C0B4-0D39-4EDE-918D-2016C98AE4E3}.Release|Any CPU.ActiveCfg = Release|Any CPU
		{2665C0B4-0D39-4EDE-918D-2016C98AE4E3}.Release|Any CPU.Build.0 = Release|Any CPU
		{1BA271F4-11BF-404B-BDF2-DF85ACD54641}.Debug|Any CPU.ActiveCfg = Debug|Any CPU
		{1BA271F4-11BF-404B-BDF2-DF85ACD54641}.Debug|Any CPU.Build.0 = Debug|Any CPU
		{1BA271F4-11BF-404B-BDF2-DF85ACD54641}.Release|Any CPU.ActiveCfg = Release|Any CPU
		{1BA271F4-11BF-404B-BDF2-DF85ACD54641}.Release|Any CPU.Build.0 = Release|Any CPU
		{CF8BBC16-E3A1-4061-B496-59996DF9DBB2}.Debug|Any CPU.ActiveCfg = Debug|Any CPU
		{CF8BBC16-E3A1-4061-B496-59996DF9DBB2}.Debug|Any CPU.Build.0 = Debug|Any CPU
		{CF8BBC16-E3A1-4061-B496-59996DF9DBB2}.Release|Any CPU.ActiveCfg = Release|Any CPU
		{CF8BBC16-E3A1-4061-B496-59996DF9DBB2}.Release|Any CPU.Build.0 = Release|Any CPU
	EndGlobalSection
EndGlobal
